
Microsoft Visual Studio Solution File, Format Version 12.00
# Visual Studio 15
VisualStudioVersion = 15.0.27130.2027
MinimumVisualStudioVersion = 10.0.40219.1
Project("{2150E333-8FDC-42A3-9474-1A3956D46DE8}") = "00-Utils", "00-Utils", "{60F8B6E3-5C73-483A-888F-9A48B58A8CA9}"
EndProject
Project("{9A19103F-16F7-4668-BE54-9A1E7A4F7556}") = "Utils", "00-Utils\Utils\Utils.csproj", "{9051BE79-69DF-4AF5-A996-4311642CA3F3}"
EndProject
Project("{9A19103F-16F7-4668-BE54-9A1E7A4F7556}") = "SQL", "00-Utils\Database\SQL\SQL.csproj", "{DED97915-F3BE-4D7F-AAB0-3D75E8E6108E}"
EndProject
Project("{9A19103F-16F7-4668-BE54-9A1E7A4F7556}") = "Excel", "00-Utils\Excel\Excel.csproj", "{5A1BADE0-1EB1-4C48-9DAA-D25CEBD242B9}"
EndProject
Project("{2150E333-8FDC-42A3-9474-1A3956D46DE8}") = "Website", "Website", "{D45D8B2E-701E-458C-84CD-C1F84F1FE097}"
EndProject
Project("{2150E333-8FDC-42A3-9474-1A3956D46DE8}") = "00-Utils", "00-Utils", "{BBA63461-612E-4E00-AB23-D7A4ED600715}"
EndProject
Project("{9A19103F-16F7-4668-BE54-9A1E7A4F7556}") = "Web", "Website\00-Utils\Web\Web.csproj", "{F0B27ED7-3E32-4B66-B233-47A2679A82A0}"
EndProject
Project("{9A19103F-16F7-4668-BE54-9A1E7A4F7556}") = "ATEM", "Website\03-Server\ATEM\ATEM.csproj", "{E5C8505A-CF21-47AC-8664-0E6B4048C489}"
EndProject
Project("{2150E333-8FDC-42A3-9474-1A3956D46DE8}") = "01-Business", "01-Business", "{97DB726B-5482-43B5-94F2-117B0517FE2D}"
EndProject
Project("{2150E333-8FDC-42A3-9474-1A3956D46DE8}") = "02-Service", "02-Service", "{DC5E3B20-00D2-473E-8D19-F16C14CC468F}"
EndProject
Project("{9A19103F-16F7-4668-BE54-9A1E7A4F7556}") = "Common.DataSvc", "Website\02-Service\Common.DataSvc\Common.DataSvc.csproj", "{66BAF3F6-4727-4323-B32C-F256B86DCD7F}"
EndProject
Project("{2150E333-8FDC-42A3-9474-1A3956D46DE8}") = "Database", "Database", "{036C4970-E9B4-41BF-948E-D34A3770BEF2}"
EndProject
Project("{9A19103F-16F7-4668-BE54-9A1E7A4F7556}") = "SQLSvr", "00-Utils\Database\SQLSvr\SQLSvr.csproj", "{A1BD2F49-24D7-43DF-AD46-FB9D0395D82E}"
EndProject
Project("{9A19103F-16F7-4668-BE54-9A1E7A4F7556}") = "Common.Api", "Website\01-Business\Common.Api\Common.Api.csproj", "{B719C172-9F5E-457B-9B9A-63F359B80ABF}"
EndProject
Project("{2150E333-8FDC-42A3-9474-1A3956D46DE8}") = "Report", "Report", "{146F576B-4D15-4C4C-998C-E3945377F299}"
EndProject
Project("{FAE04EC0-301F-11D3-BF4B-00C04F79EFBC}") = "CrystalReportApp", "00-Utils\Report\CrystalReportApp\CrystalReportApp.csproj", "{BE7F873B-4CF8-4A0A-A5CB-C93C781301F7}"
EndProject
Project("{9A19103F-16F7-4668-BE54-9A1E7A4F7556}") = "RPT", "00-Utils\Report\RPT\RPT.csproj", "{5A9176AD-F6C5-478E-9AEB-7537FC4CE6F2}"
EndProject
Global
	GlobalSection(SolutionConfigurationPlatforms) = preSolution
		Debug|Any CPU = Debug|Any CPU
		Release|Any CPU = Release|Any CPU
	EndGlobalSection
	GlobalSection(ProjectConfigurationPlatforms) = postSolution
		{9051BE79-69DF-4AF5-A996-4311642CA3F3}.Debug|Any CPU.ActiveCfg = Debug|Any CPU
		{9051BE79-69DF-4AF5-A996-4311642CA3F3}.Debug|Any CPU.Build.0 = Debug|Any CPU
		{9051BE79-69DF-4AF5-A996-4311642CA3F3}.Release|Any CPU.ActiveCfg = Release|Any CPU
		{9051BE79-69DF-4AF5-A996-4311642CA3F3}.Release|Any CPU.Build.0 = Release|Any CPU
		{DED97915-F3BE-4D7F-AAB0-3D75E8E6108E}.Debug|Any CPU.ActiveCfg = Debug|Any CPU
		{DED97915-F3BE-4D7F-AAB0-3D75E8E6108E}.Debug|Any CPU.Build.0 = Debug|Any CPU
		{DED97915-F3BE-4D7F-AAB0-3D75E8E6108E}.Release|Any CPU.ActiveCfg = Release|Any CPU
		{DED97915-F3BE-4D7F-AAB0-3D75E8E6108E}.Release|Any CPU.Build.0 = Release|Any CPU
		{5A1BADE0-1EB1-4C48-9DAA-D25CEBD242B9}.Debug|Any CPU.ActiveCfg = Debug|Any CPU
		{5A1BADE0-1EB1-4C48-9DAA-D25CEBD242B9}.Debug|Any CPU.Build.0 = Debug|Any CPU
		{5A1BADE0-1EB1-4C48-9DAA-D25CEBD242B9}.Release|Any CPU.ActiveCfg = Release|Any CPU
		{5A1BADE0-1EB1-4C48-9DAA-D25CEBD242B9}.Release|Any CPU.Build.0 = Release|Any CPU
		{F0B27ED7-3E32-4B66-B233-47A2679A82A0}.Debug|Any CPU.ActiveCfg = Debug|Any CPU
		{F0B27ED7-3E32-4B66-B233-47A2679A82A0}.Debug|Any CPU.Build.0 = Debug|Any CPU
		{F0B27ED7-3E32-4B66-B233-47A2679A82A0}.Release|Any CPU.ActiveCfg = Release|Any CPU
		{F0B27ED7-3E32-4B66-B233-47A2679A82A0}.Release|Any CPU.Build.0 = Release|Any CPU
		{E5C8505A-CF21-47AC-8664-0E6B4048C489}.Debug|Any CPU.ActiveCfg = Debug|Any CPU
		{E5C8505A-CF21-47AC-8664-0E6B4048C489}.Debug|Any CPU.Build.0 = Debug|Any CPU
		{E5C8505A-CF21-47AC-8664-0E6B4048C489}.Release|Any CPU.ActiveCfg = Release|Any CPU
		{E5C8505A-CF21-47AC-8664-0E6B4048C489}.Release|Any CPU.Build.0 = Release|Any CPU
		{66BAF3F6-4727-4323-B32C-F256B86DCD7F}.Debug|Any CPU.ActiveCfg = Debug|Any CPU
		{66BAF3F6-4727-4323-B32C-F256B86DCD7F}.Debug|Any CPU.Build.0 = Debug|Any CPU
		{66BAF3F6-4727-4323-B32C-F256B86DCD7F}.Release|Any CPU.ActiveCfg = Release|Any CPU
		{66BAF3F6-4727-4323-B32C-F256B86DCD7F}.Release|Any CPU.Build.0 = Release|Any CPU
		{A1BD2F49-24D7-43DF-AD46-FB9D0395D82E}.Debug|Any CPU.ActiveCfg = Debug|Any CPU
		{A1BD2F49-24D7-43DF-AD46-FB9D0395D82E}.Debug|Any CPU.Build.0 = Debug|Any CPU
		{A1BD2F49-24D7-43DF-AD46-FB9D0395D82E}.Release|Any CPU.ActiveCfg = Release|Any CPU
		{A1BD2F49-24D7-43DF-AD46-FB9D0395D82E}.Release|Any CPU.Build.0 = Release|Any CPU
		{B719C172-9F5E-457B-9B9A-63F359B80ABF}.Debug|Any CPU.ActiveCfg = Debug|Any CPU
		{B719C172-9F5E-457B-9B9A-63F359B80ABF}.Debug|Any CPU.Build.0 = Debug|Any CPU
		{B719C172-9F5E-457B-9B9A-63F359B80ABF}.Release|Any CPU.ActiveCfg = Release|Any CPU
		{B719C172-9F5E-457B-9B9A-63F359B80ABF}.Release|Any CPU.Build.0 = Release|Any CPU
		{BE7F873B-4CF8-4A0A-A5CB-C93C781301F7}.Debug|Any CPU.ActiveCfg = Debug|Any CPU
		{BE7F873B-4CF8-4A0A-A5CB-C93C781301F7}.Debug|Any CPU.Build.0 = Debug|Any CPU
		{BE7F873B-4CF8-4A0A-A5CB-C93C781301F7}.Release|Any CPU.ActiveCfg = Release|Any CPU
		{BE7F873B-4CF8-4A0A-A5CB-C93C781301F7}.Release|Any CPU.Build.0 = Release|Any CPU
		{5A9176AD-F6C5-478E-9AEB-7537FC4CE6F2}.Debug|Any CPU.ActiveCfg = Debug|Any CPU
		{5A9176AD-F6C5-478E-9AEB-7537FC4CE6F2}.Debug|Any CPU.Build.0 = Debug|Any CPU
		{5A9176AD-F6C5-478E-9AEB-7537FC4CE6F2}.Release|Any CPU.ActiveCfg = Release|Any CPU
		{5A9176AD-F6C5-478E-9AEB-7537FC4CE6F2}.Release|Any CPU.Build.0 = Release|Any CPU
	EndGlobalSection
	GlobalSection(SolutionProperties) = preSolution
		HideSolutionNode = FALSE
	EndGlobalSection
	GlobalSection(NestedProjects) = preSolution
		{9051BE79-69DF-4AF5-A996-4311642CA3F3} = {60F8B6E3-5C73-483A-888F-9A48B58A8CA9}
		{DED97915-F3BE-4D7F-AAB0-3D75E8E6108E} = {036C4970-E9B4-41BF-948E-D34A3770BEF2}
		{5A1BADE0-1EB1-4C48-9DAA-D25CEBD242B9} = {60F8B6E3-5C73-483A-888F-9A48B58A8CA9}
		{BBA63461-612E-4E00-AB23-D7A4ED600715} = {D45D8B2E-701E-458C-84CD-C1F84F1FE097}
		{F0B27ED7-3E32-4B66-B233-47A2679A82A0} = {BBA63461-612E-4E00-AB23-D7A4ED600715}
		{E5C8505A-CF21-47AC-8664-0E6B4048C489} = {D45D8B2E-701E-458C-84CD-C1F84F1FE097}
		{97DB726B-5482-43B5-94F2-117B0517FE2D} = {D45D8B2E-701E-458C-84CD-C1F84F1FE097}
		{DC5E3B20-00D2-473E-8D19-F16C14CC468F} = {D45D8B2E-701E-458C-84CD-C1F84F1FE097}
		{66BAF3F6-4727-4323-B32C-F256B86DCD7F} = {DC5E3B20-00D2-473E-8D19-F16C14CC468F}
		{036C4970-E9B4-41BF-948E-D34A3770BEF2} = {60F8B6E3-5C73-483A-888F-9A48B58A8CA9}
		{A1BD2F49-24D7-43DF-AD46-FB9D0395D82E} = {036C4970-E9B4-41BF-948E-D34A3770BEF2}
		{B719C172-9F5E-457B-9B9A-63F359B80ABF} = {97DB726B-5482-43B5-94F2-117B0517FE2D}
		{146F576B-4D15-4C4C-998C-E3945377F299} = {60F8B6E3-5C73-483A-888F-9A48B58A8CA9}
		{BE7F873B-4CF8-4A0A-A5CB-C93C781301F7} = {146F576B-4D15-4C4C-998C-E3945377F299}
		{5A9176AD-F6C5-478E-9AEB-7537FC4CE6F2} = {146F576B-4D15-4C4C-998C-E3945377F299}
	EndGlobalSection
	GlobalSection(ExtensibilityGlobals) = postSolution
		SolutionGuid = {9FE83D17-9D64-4710-8985-A8667A0962DD}
	EndGlobalSection
EndGlobal
